
Microsoft Visual Studio Solution File, Format Version 12.00
# Visual Studio Version 17
VisualStudioVersion = 17.5.002.0
MinimumVisualStudioVersion = 10.0.40219.1
Project("{9A19103F-16F7-4668-BE54-9A1E7A4F7556}") = "ArtGallery", "ArtGallery.csproj", "{8E484D81-D77C-4668-8076-9825E50AD7C1}"
EndProject
Global
	GlobalSection(SolutionConfigurationPlatforms) = preSolution
		Debug|Any CPU = Debug|Any CPU
		Release|Any CPU = Release|Any CPU
	EndGlobalSection
	GlobalSection(ProjectConfigurationPlatforms) = postSolution
		{8E484D81-D77C-4668-8076-9825E50AD7C1}.Debug|Any CPU.ActiveCfg = Debug|Any CPU
		{8E484D81-D77C-4668-8076-9825E50AD7C1}.Debug|Any CPU.Build.0 = Debug|Any CPU
		{8E484D81-D77C-4668-8076-9825E50AD7C1}.Release|Any CPU.ActiveCfg = Release|Any CPU
		{8E484D81-D77C-4668-8076-9825E50AD7C1}.Release|Any CPU.Build.0 = Release|Any CPU
	EndGlobalSection
	GlobalSection(SolutionProperties) = preSolution
		HideSolutionNode = FALSE
	EndGlobalSection
	GlobalSection(ExtensibilityGlobals) = postSolution
		SolutionGuid = {79662E51-8065-4F05-A9E4-B5F3075B1C9F}
	EndGlobalSection
EndGlobal
